
Microsoft Visual Studio Solution File, Format Version 12.00
# Visual Studio Version 17
VisualStudioVersion = 17.0.31919.166
MinimumVisualStudioVersion = 10.0.40219.1
Project("{9A19103F-16F7-4668-BE54-9A1E7A4F7556}") = "UnitConverter", "UnitConverter\UnitConverter.csproj", "{291C14DD-E758-4B08-B798-0889600F4B7E}"
EndProject
Project("{9A19103F-16F7-4668-BE54-9A1E7A4F7556}") = "UnitConverter.Business", "UnitConverter.Business\UnitConverter.Business.csproj", "{CD5A6106-2F1D-4125-870E-0312646E1E34}"
EndProject
Project("{9A19103F-16F7-4668-BE54-9A1E7A4F7556}") = "UnitConverter.Business.Test", "UnitConverter.Business.Test\UnitConverter.Business.Test.csproj", "{EBC5A1D5-72CA-4062-9853-41C4E0E98B73}"
EndProject
Project("{9A19103F-16F7-4668-BE54-9A1E7A4F7556}") = "UnitConverter.Domain", "UnitConverter.Domain\UnitConverter.Domain.csproj", "{0D4A931D-8626-47FD-B54E-93AED3BE53FC}"
EndProject
Project("{9A19103F-16F7-4668-BE54-9A1E7A4F7556}") = "UnitConverter.Winforms", "UnitConverter.Winforms\UnitConverter.Winforms.csproj", "{AF21C444-7BBC-4019-8D3D-EFF6FB4E8508}"
EndProject
Project("{9A19103F-16F7-4668-BE54-9A1E7A4F7556}") = "UnitConverter.WPF", "UnitConverter.WPF\UnitConverter.WPF.csproj", "{845A7AB1-807E-41D0-98E6-76041C33E27D}"
EndProject
Project("{2150E333-8FDC-42A3-9474-1A3956D46DE8}") = "1. Front End", "1. Front End", "{E10824D0-45D6-49DE-9D93-F041EFDE23B5}"
EndProject
Project("{2150E333-8FDC-42A3-9474-1A3956D46DE8}") = "2. Back End", "2. Back End", "{AD576E3A-BCE4-4918-9B6C-024F1A079C86}"
EndProject
Project("{2150E333-8FDC-42A3-9474-1A3956D46DE8}") = "0. Domain", "0. Domain", "{5E8720F8-EBC4-47D8-926E-DB871007D971}"
EndProject
Project("{2150E333-8FDC-42A3-9474-1A3956D46DE8}") = "9. Testing", "9. Testing", "{9EDD925F-26C8-489C-84C1-AD6703665880}"
EndProject
Global
	GlobalSection(SolutionConfigurationPlatforms) = preSolution
		Debug|Any CPU = Debug|Any CPU
		Release|Any CPU = Release|Any CPU
	EndGlobalSection
	GlobalSection(ProjectConfigurationPlatforms) = postSolution
		{291C14DD-E758-4B08-B798-0889600F4B7E}.Debug|Any CPU.ActiveCfg = Debug|Any CPU
		{291C14DD-E758-4B08-B798-0889600F4B7E}.Debug|Any CPU.Build.0 = Debug|Any CPU
		{291C14DD-E758-4B08-B798-0889600F4B7E}.Release|Any CPU.ActiveCfg = Release|Any CPU
		{291C14DD-E758-4B08-B798-0889600F4B7E}.Release|Any CPU.Build.0 = Release|Any CPU
		{CD5A6106-2F1D-4125-870E-0312646E1E34}.Debug|Any CPU.ActiveCfg = Debug|Any CPU
		{CD5A6106-2F1D-4125-870E-0312646E1E34}.Debug|Any CPU.Build.0 = Debug|Any CPU
		{CD5A6106-2F1D-4125-870E-0312646E1E34}.Release|Any CPU.ActiveCfg = Release|Any CPU
		{CD5A6106-2F1D-4125-870E-0312646E1E34}.Release|Any CPU.Build.0 = Release|Any CPU
		{EBC5A1D5-72CA-4062-9853-41C4E0E98B73}.Debug|Any CPU.ActiveCfg = Debug|Any CPU
		{EBC5A1D5-72CA-4062-9853-41C4E0E98B73}.Debug|Any CPU.Build.0 = Debug|Any CPU
		{EBC5A1D5-72CA-4062-9853-41C4E0E98B73}.Release|Any CPU.ActiveCfg = Release|Any CPU
		{EBC5A1D5-72CA-4062-9853-41C4E0E98B73}.Release|Any CPU.Build.0 = Release|Any CPU
		{0D4A931D-8626-47FD-B54E-93AED3BE53FC}.Debug|Any CPU.ActiveCfg = Debug|Any CPU
		{0D4A931D-8626-47FD-B54E-93AED3BE53FC}.Debug|Any CPU.Build.0 = Debug|Any CPU
		{0D4A931D-8626-47FD-B54E-93AED3BE53FC}.Release|Any CPU.ActiveCfg = Release|Any CPU
		{0D4A931D-8626-47FD-B54E-93AED3BE53FC}.Release|Any CPU.Build.0 = Release|Any CPU
		{AF21C444-7BBC-4019-8D3D-EFF6FB4E8508}.Debug|Any CPU.ActiveCfg = Debug|Any CPU
		{AF21C444-7BBC-4019-8D3D-EFF6FB4E8508}.Debug|Any CPU.Build.0 = Debug|Any CPU
		{AF21C444-7BBC-4019-8D3D-EFF6FB4E8508}.Release|Any CPU.ActiveCfg = Release|Any CPU
		{AF21C444-7BBC-4019-8D3D-EFF6FB4E8508}.Release|Any CPU.Build.0 = Release|Any CPU
		{845A7AB1-807E-41D0-98E6-76041C33E27D}.Debug|Any CPU.ActiveCfg = Debug|Any CPU
		{845A7AB1-807E-41D0-98E6-76041C33E27D}.Debug|Any CPU.Build.0 = Debug|Any CPU
		{845A7AB1-807E-41D0-98E6-76041C33E27D}.Release|Any CPU.ActiveCfg = Release|Any CPU
		{845A7AB1-807E-41D0-98E6-76041C33E27D}.Release|Any CPU.Build.0 = Release|Any CPU
	EndGlobalSection
	GlobalSection(SolutionProperties) = preSolution
		HideSolutionNode = FALSE
	EndGlobalSection
	GlobalSection(NestedProjects) = preSolution
		{291C14DD-E758-4B08-B798-0889600F4B7E} = {E10824D0-45D6-49DE-9D93-F041EFDE23B5}
		{CD5A6106-2F1D-4125-870E-0312646E1E34} = {AD576E3A-BCE4-4918-9B6C-024F1A079C86}
		{EBC5A1D5-72CA-4062-9853-41C4E0E98B73} = {9EDD925F-26C8-489C-84C1-AD6703665880}
		{0D4A931D-8626-47FD-B54E-93AED3BE53FC} = {5E8720F8-EBC4-47D8-926E-DB871007D971}
		{AF21C444-7BBC-4019-8D3D-EFF6FB4E8508} = {E10824D0-45D6-49DE-9D93-F041EFDE23B5}
		{845A7AB1-807E-41D0-98E6-76041C33E27D} = {E10824D0-45D6-49DE-9D93-F041EFDE23B5}
	EndGlobalSection
	GlobalSection(ExtensibilityGlobals) = postSolution
		SolutionGuid = {AAC1380F-3F60-4E5C-858D-9D00ECA4625C}
	EndGlobalSection
EndGlobal
